
Microsoft Visual Studio Solution File, Format Version 12.00
# Visual Studio 15
VisualStudioVersion = 15.0.28307.271
MinimumVisualStudioVersion = 10.0.40219.1
Project("{8BC9CEB8-8B4A-11D0-8D11-00A0C91BC942}") = "EngineModel", "EngineModel\EngineModel.vcxproj", "{6D5D603C-D4F3-4D81-8847-6D695A9E2EAE}"
EndProject
Global
	GlobalSection(SolutionConfigurationPlatforms) = preSolution
		Debug|x64 = Debug|x64
		Debug|x86 = Debug|x86
		Release|x64 = Release|x64
		Release|x86 = Release|x86
	EndGlobalSection
	GlobalSection(ProjectConfigurationPlatforms) = postSolution
		{6D5D603C-D4F3-4D81-8847-6D695A9E2EAE}.Debug|x64.ActiveCfg = Debug|x64
		{6D5D603C-D4F3-4D81-8847-6D695A9E2EAE}.Debug|x64.Build.0 = Debug|x64
		{6D5D603C-D4F3-4D81-8847-6D695A9E2EAE}.Debug|x86.ActiveCfg = Debug|Win32
		{6D5D603C-D4F3-4D81-8847-6D695A9E2EAE}.Debug|x86.Build.0 = Debug|Win32
		{6D5D603C-D4F3-4D81-8847-6D695A9E2EAE}.Release|x64.ActiveCfg = Release|x64
		{6D5D603C-D4F3-4D81-8847-6D695A9E2EAE}.Release|x64.Build.0 = Release|x64
		{6D5D603C-D4F3-4D81-8847-6D695A9E2EAE}.Release|x86.ActiveCfg = Release|Win32
		{6D5D603C-D4F3-4D81-8847-6D695A9E2EAE}.Release|x86.Build.0 = Release|Win32
	EndGlobalSection
	GlobalSection(SolutionProperties) = preSolution
		HideSolutionNode = FALSE
	EndGlobalSection
	GlobalSection(ExtensibilityGlobals) = postSolution
		SolutionGuid = {7560D34C-BFBB-4E6D-B5DD-FE2FD2A5B9CB}
	EndGlobalSection
EndGlobal
